
Microsoft Visual Studio Solution File, Format Version 12.00
# Visual Studio Version 16
VisualStudioVersion = 16.0.30804.86
MinimumVisualStudioVersion = 10.0.40219.1
Project("{FAE04EC0-301F-11D3-BF4B-00C04F79EFBC}") = "TelerikMvcTraining", "TelerikMvcTraining.csproj", "{83EB2675-9E0C-46ED-8F11-6D34B798A569}"
EndProject
Project("{FAE04EC0-301F-11D3-BF4B-00C04F79EFBC}") = "TelerikMvcTraining.Test", "TelerikMvcTraining.Test\TelerikMvcTraining.Test.csproj", "{56A9BB57-4D3B-4568-8474-AC1283F4BE81}"
EndProject
Global
	GlobalSection(SolutionConfigurationPlatforms) = preSolution
		Debug|Any CPU = Debug|Any CPU
		Release|Any CPU = Release|Any CPU
	EndGlobalSection
	GlobalSection(ProjectConfigurationPlatforms) = postSolution
		{83EB2675-9E0C-46ED-8F11-6D34B798A569}.Debug|Any CPU.ActiveCfg = Debug|Any CPU
		{83EB2675-9E0C-46ED-8F11-6D34B798A569}.Debug|Any CPU.Build.0 = Debug|Any CPU
		{83EB2675-9E0C-46ED-8F11-6D34B798A569}.Release|Any CPU.ActiveCfg = Release|Any CPU
		{83EB2675-9E0C-46ED-8F11-6D34B798A569}.Release|Any CPU.Build.0 = Release|Any CPU
		{56A9BB57-4D3B-4568-8474-AC1283F4BE81}.Debug|Any CPU.ActiveCfg = Debug|Any CPU
		{56A9BB57-4D3B-4568-8474-AC1283F4BE81}.Debug|Any CPU.Build.0 = Debug|Any CPU
		{56A9BB57-4D3B-4568-8474-AC1283F4BE81}.Release|Any CPU.ActiveCfg = Release|Any CPU
		{56A9BB57-4D3B-4568-8474-AC1283F4BE81}.Release|Any CPU.Build.0 = Release|Any CPU
	EndGlobalSection
	GlobalSection(SolutionProperties) = preSolution
		HideSolutionNode = FALSE
	EndGlobalSection
	GlobalSection(ExtensibilityGlobals) = postSolution
		SolutionGuid = {4EF543CE-EE4C-49CE-8503-83C8CF570E9E}
	EndGlobalSection
EndGlobal
